PODS:
  - Alamofire (3.4.1)
  - HanekeSwift (0.10.1)
  - SwiftyJSON (2.3.2)

DEPENDENCIES:
  - Alamofire (~> 3.4)
  - HanekeSwift
  - SwiftyJSON

SPEC CHECKSUMS:
  Alamofire: 01a82e2f6c0f860ade35534c8dd88be61bdef40c
  HanekeSwift: 08e47d3d0f2899ec58e5d257beba0de619aca9e8
  SwiftyJSON: 04ccea08915aa0109039157c7974cf0298da292a

COCOAPODS: 0.39.0
